
Microsoft Visual Studio Solution File, Format Version 12.00
# Visual Studio Version 17
VisualStudioVersion = 17.0.31903.59
MinimumVisualStudioVersion = 10.0.40219.1
Project("{9A19103F-16F7-4668-BE54-9A1E7A4F7556}") = "BasicInheritance", "BasicInheritance\BasicInheritance.csproj", "{D20FB3D5-B195-4920-B7EC-4D4A39609046}"
EndProject
Project("{9A19103F-16F7-4668-BE54-9A1E7A4F7556}") = "Employees", "Employee\Employees.csproj", "{97342138-BA3C-4F23-B09E-ADEBA38AB754}"
EndProject
Global
	GlobalSection(SolutionConfigurationPlatforms) = preSolution
		Debug|Any CPU = Debug|Any CPU
		Release|Any CPU = Release|Any CPU
	EndGlobalSection
	GlobalSection(ProjectConfigurationPlatforms) = postSolution
		{D20FB3D5-B195-4920-B7EC-4D4A39609046}.Debug|Any CPU.ActiveCfg = Debug|Any CPU
		{D20FB3D5-B195-4920-B7EC-4D4A39609046}.Debug|Any CPU.Build.0 = Debug|Any CPU
		{D20FB3D5-B195-4920-B7EC-4D4A39609046}.Release|Any CPU.ActiveCfg = Release|Any CPU
		{D20FB3D5-B195-4920-B7EC-4D4A39609046}.Release|Any CPU.Build.0 = Release|Any CPU
		{97342138-BA3C-4F23-B09E-ADEBA38AB754}.Debug|Any CPU.ActiveCfg = Debug|Any CPU
		{97342138-BA3C-4F23-B09E-ADEBA38AB754}.Debug|Any CPU.Build.0 = Debug|Any CPU
		{97342138-BA3C-4F23-B09E-ADEBA38AB754}.Release|Any CPU.ActiveCfg = Release|Any CPU
		{97342138-BA3C-4F23-B09E-ADEBA38AB754}.Release|Any CPU.Build.0 = Release|Any CPU
	EndGlobalSection
	GlobalSection(SolutionProperties) = preSolution
		HideSolutionNode = FALSE
	EndGlobalSection
	GlobalSection(ExtensibilityGlobals) = postSolution
		SolutionGuid = {1BF026C0-4EC8-4AF6-B8EA-CBD67E9EBA2A}
	EndGlobalSection
EndGlobal
