
Microsoft Visual Studio Solution File, Format Version 12.00
# Visual Studio Version 16
VisualStudioVersion = 25.0.1704.5
MinimumVisualStudioVersion = 10.0.40219.1
Project("{FAE04EC0-301F-11D3-BF4B-00C04F79EFBC}") = "BasicDataTypes", "BasicDataTypes.csproj", "{5C5C306D-63D3-4836-AA6B-061C8EFCCE3C}"
EndProject
Global
	GlobalSection(SolutionConfigurationPlatforms) = preSolution
		Debug|Any CPU = Debug|Any CPU
		Release|Any CPU = Release|Any CPU
	EndGlobalSection
	GlobalSection(ProjectConfigurationPlatforms) = postSolution
		{5C5C306D-63D3-4836-AA6B-061C8EFCCE3C}.Debug|Any CPU.ActiveCfg = Debug|Any CPU
		{5C5C306D-63D3-4836-AA6B-061C8EFCCE3C}.Debug|Any CPU.Build.0 = Debug|Any CPU
		{5C5C306D-63D3-4836-AA6B-061C8EFCCE3C}.Release|Any CPU.ActiveCfg = Release|Any CPU
		{5C5C306D-63D3-4836-AA6B-061C8EFCCE3C}.Release|Any CPU.Build.0 = Release|Any CPU
	EndGlobalSection
	GlobalSection(SolutionProperties) = preSolution
		HideSolutionNode = FALSE
	EndGlobalSection
	GlobalSection(ExtensibilityGlobals) = postSolution
		SolutionGuid = {E581B1B2-806D-4578-A2B6-699360C2BA6C}
	EndGlobalSection
EndGlobal
